
Microsoft Visual Studio Solution File, Format Version 12.00
# Visual Studio 15
VisualStudioVersion = 15.0.27428.2043
MinimumVisualStudioVersion = 10.0.40219.1
Project("{FAE04EC0-301F-11D3-BF4B-00C04F79EFBC}") = "Distributed Algorithms", "Distributed Algorithms\Distributed Algorithms.csproj", "{A5295E2A-F9E4-458F-BF29-4507205B4C2B}"
EndProject
Global
	GlobalSection(SolutionConfigurationPlatforms) = preSolution
		Debug|Any CPU = Debug|Any CPU
		Release|Any CPU = Release|Any CPU
	EndGlobalSection
	GlobalSection(ProjectConfigurationPlatforms) = postSolution
		{A5295E2A-F9E4-458F-BF29-4507205B4C2B}.Debug|Any CPU.ActiveCfg = Debug|Any CPU
		{A5295E2A-F9E4-458F-BF29-4507205B4C2B}.Debug|Any CPU.Build.0 = Debug|Any CPU
		{A5295E2A-F9E4-458F-BF29-4507205B4C2B}.Release|Any CPU.ActiveCfg = Release|Any CPU
		{A5295E2A-F9E4-458F-BF29-4507205B4C2B}.Release|Any CPU.Build.0 = Release|Any CPU
	EndGlobalSection
	GlobalSection(SolutionProperties) = preSolution
		HideSolutionNode = FALSE
	EndGlobalSection
	GlobalSection(ExtensibilityGlobals) = postSolution
		SolutionGuid = {C5D824D1-58FF-4858-BBB5-816A95EC506E}
	EndGlobalSection
EndGlobal
